
Microsoft Visual Studio Solution File, Format Version 12.00
# Visual Studio 15
VisualStudioVersion = 15.0.26730.16
MinimumVisualStudioVersion = 10.0.40219.1
Project("{FAE04EC0-301F-11D3-BF4B-00C04F79EFBC}") = "Sorting", "Sorting\Sorting.csproj", "{A47A69AB-247D-4B63-87F2-58C2A27C3B7F}"
EndProject
Project("{FAE04EC0-301F-11D3-BF4B-00C04F79EFBC}") = "SortLibrary", "SortLibrary\SortLibrary.csproj", "{8EB4D0A5-0119-4948-82C8-853C63E41631}"
EndProject
Global
	GlobalSection(SolutionConfigurationPlatforms) = preSolution
		Debug|Any CPU = Debug|Any CPU
		Release|Any CPU = Release|Any CPU
	EndGlobalSection
	GlobalSection(ProjectConfigurationPlatforms) = postSolution
		{A47A69AB-247D-4B63-87F2-58C2A27C3B7F}.Debug|Any CPU.ActiveCfg = Debug|Any CPU
		{A47A69AB-247D-4B63-87F2-58C2A27C3B7F}.Debug|Any CPU.Build.0 = Debug|Any CPU
		{A47A69AB-247D-4B63-87F2-58C2A27C3B7F}.Release|Any CPU.ActiveCfg = Release|Any CPU
		{A47A69AB-247D-4B63-87F2-58C2A27C3B7F}.Release|Any CPU.Build.0 = Release|Any CPU
		{8EB4D0A5-0119-4948-82C8-853C63E41631}.Debug|Any CPU.ActiveCfg = Debug|Any CPU
		{8EB4D0A5-0119-4948-82C8-853C63E41631}.Debug|Any CPU.Build.0 = Debug|Any CPU
		{8EB4D0A5-0119-4948-82C8-853C63E41631}.Release|Any CPU.ActiveCfg = Release|Any CPU
		{8EB4D0A5-0119-4948-82C8-853C63E41631}.Release|Any CPU.Build.0 = Release|Any CPU
	EndGlobalSection
	GlobalSection(SolutionProperties) = preSolution
		HideSolutionNode = FALSE
	EndGlobalSection
	GlobalSection(ExtensibilityGlobals) = postSolution
		SolutionGuid = {2C152C84-8C09-420A-98D6-FF5141345203}
	EndGlobalSection
EndGlobal
